
Microsoft Visual Studio Solution File, Format Version 12.00
# Visual Studio Version 16
VisualStudioVersion = 16.0.29409.12
MinimumVisualStudioVersion = 10.0.40219.1
Project("{FAE04EC0-301F-11D3-BF4B-00C04F79EFBC}") = "fonq_distributiecentrum", "fonq_distributiecentrum\fonq_distributiecentrum.csproj", "{A979B7AC-3236-4FDD-9AD3-13E1CF1A8167}"
EndProject
Project("{FAE04EC0-301F-11D3-BF4B-00C04F79EFBC}") = "fonqentity", "fonqentity\fonqentity.csproj", "{65B12C73-C76E-4BB8-BD5F-E0B5140098B7}"
EndProject
Global
	GlobalSection(SolutionConfigurationPlatforms) = preSolution
		Debug|Any CPU = Debug|Any CPU
		Release|Any CPU = Release|Any CPU
	EndGlobalSection
	GlobalSection(ProjectConfigurationPlatforms) = postSolution
		{A979B7AC-3236-4FDD-9AD3-13E1CF1A8167}.Debug|Any CPU.ActiveCfg = Debug|Any CPU
		{A979B7AC-3236-4FDD-9AD3-13E1CF1A8167}.Debug|Any CPU.Build.0 = Debug|Any CPU
		{A979B7AC-3236-4FDD-9AD3-13E1CF1A8167}.Release|Any CPU.ActiveCfg = Release|Any CPU
		{A979B7AC-3236-4FDD-9AD3-13E1CF1A8167}.Release|Any CPU.Build.0 = Release|Any CPU
		{65B12C73-C76E-4BB8-BD5F-E0B5140098B7}.Debug|Any CPU.ActiveCfg = Debug|Any CPU
		{65B12C73-C76E-4BB8-BD5F-E0B5140098B7}.Debug|Any CPU.Build.0 = Debug|Any CPU
		{65B12C73-C76E-4BB8-BD5F-E0B5140098B7}.Release|Any CPU.ActiveCfg = Release|Any CPU
		{65B12C73-C76E-4BB8-BD5F-E0B5140098B7}.Release|Any CPU.Build.0 = Release|Any CPU
	EndGlobalSection
	GlobalSection(SolutionProperties) = preSolution
		HideSolutionNode = FALSE
	EndGlobalSection
	GlobalSection(ExtensibilityGlobals) = postSolution
		SolutionGuid = {E35F3AC9-0777-47B1-8EF8-8D82121DDCC8}
	EndGlobalSection
EndGlobal
